
Microsoft Visual Studio Solution File, Format Version 12.00
# Visual Studio 15
VisualStudioVersion = 15.0.26430.15
MinimumVisualStudioVersion = 10.0.40219.1
Project("{FAE04EC0-301F-11D3-BF4B-00C04F79EFBC}") = "BigStore.Data", "BigStore.Data\BigStore.Data.csproj", "{03F63701-1764-456A-8EDE-CABC97812BCB}"
EndProject
Project("{FAE04EC0-301F-11D3-BF4B-00C04F79EFBC}") = "BigStore.Web", "BigStore.Web\BigStore.Web.csproj", "{C55731BF-C441-4EDA-AA83-8D129E5883D4}"
EndProject
Project("{FAE04EC0-301F-11D3-BF4B-00C04F79EFBC}") = "BigStore.Rest", "BigStore.Rest\BigStore.Rest.csproj", "{D981F352-1F31-4356-94EB-0AE0BEDC1260}"
EndProject
Global
	GlobalSection(SolutionConfigurationPlatforms) = preSolution
		Debug|Any CPU = Debug|Any CPU
		Debug|ARM = Debug|ARM
		Debug|x64 = Debug|x64
		Debug|x86 = Debug|x86
		Release|Any CPU = Release|Any CPU
		Release|ARM = Release|ARM
		Release|x64 = Release|x64
		Release|x86 = Release|x86
	EndGlobalSection
	GlobalSection(ProjectConfigurationPlatforms) = postSolution
		{03F63701-1764-456A-8EDE-CABC97812BCB}.Debug|Any CPU.ActiveCfg = Debug|Any CPU
		{03F63701-1764-456A-8EDE-CABC97812BCB}.Debug|Any CPU.Build.0 = Debug|Any CPU
		{03F63701-1764-456A-8EDE-CABC97812BCB}.Debug|ARM.ActiveCfg = Debug|Any CPU
		{03F63701-1764-456A-8EDE-CABC97812BCB}.Debug|ARM.Build.0 = Debug|Any CPU
		{03F63701-1764-456A-8EDE-CABC97812BCB}.Debug|x64.ActiveCfg = Debug|Any CPU
		{03F63701-1764-456A-8EDE-CABC97812BCB}.Debug|x64.Build.0 = Debug|Any CPU
		{03F63701-1764-456A-8EDE-CABC97812BCB}.Debug|x86.ActiveCfg = Debug|Any CPU
		{03F63701-1764-456A-8EDE-CABC97812BCB}.Debug|x86.Build.0 = Debug|Any CPU
		{03F63701-1764-456A-8EDE-CABC97812BCB}.Release|Any CPU.ActiveCfg = Release|Any CPU
		{03F63701-1764-456A-8EDE-CABC97812BCB}.Release|Any CPU.Build.0 = Release|Any CPU
		{03F63701-1764-456A-8EDE-CABC97812BCB}.Release|ARM.ActiveCfg = Release|Any CPU
		{03F63701-1764-456A-8EDE-CABC97812BCB}.Release|ARM.Build.0 = Release|Any CPU
		{03F63701-1764-456A-8EDE-CABC97812BCB}.Release|x64.ActiveCfg = Release|Any CPU
		{03F63701-1764-456A-8EDE-CABC97812BCB}.Release|x64.Build.0 = Release|Any CPU
		{03F63701-1764-456A-8EDE-CABC97812BCB}.Release|x86.ActiveCfg = Release|Any CPU
		{03F63701-1764-456A-8EDE-CABC97812BCB}.Release|x86.Build.0 = Release|Any CPU
		{C55731BF-C441-4EDA-AA83-8D129E5883D4}.Debug|Any CPU.ActiveCfg = Debug|Any CPU
		{C55731BF-C441-4EDA-AA83-8D129E5883D4}.Debug|Any CPU.Build.0 = Debug|Any CPU
		{C55731BF-C441-4EDA-AA83-8D129E5883D4}.Debug|ARM.ActiveCfg = Debug|Any CPU
		{C55731BF-C441-4EDA-AA83-8D129E5883D4}.Debug|ARM.Build.0 = Debug|Any CPU
		{C55731BF-C441-4EDA-AA83-8D129E5883D4}.Debug|x64.ActiveCfg = Debug|Any CPU
		{C55731BF-C441-4EDA-AA83-8D129E5883D4}.Debug|x64.Build.0 = Debug|Any CPU
		{C55731BF-C441-4EDA-AA83-8D129E5883D4}.Debug|x86.ActiveCfg = Debug|Any CPU
		{C55731BF-C441-4EDA-AA83-8D129E5883D4}.Debug|x86.Build.0 = Debug|Any CPU
		{C55731BF-C441-4EDA-AA83-8D129E5883D4}.Release|Any CPU.ActiveCfg = Release|Any CPU
		{C55731BF-C441-4EDA-AA83-8D129E5883D4}.Release|Any CPU.Build.0 = Release|Any CPU
		{C55731BF-C441-4EDA-AA83-8D129E5883D4}.Release|ARM.ActiveCfg = Release|Any CPU
		{C55731BF-C441-4EDA-AA83-8D129E5883D4}.Release|ARM.Build.0 = Release|Any CPU
		{C55731BF-C441-4EDA-AA83-8D129E5883D4}.Release|x64.ActiveCfg = Release|Any CPU
		{C55731BF-C441-4EDA-AA83-8D129E5883D4}.Release|x64.Build.0 = Release|Any CPU
		{C55731BF-C441-4EDA-AA83-8D129E5883D4}.Release|x86.ActiveCfg = Release|Any CPU
		{C55731BF-C441-4EDA-AA83-8D129E5883D4}.Release|x86.Build.0 = Release|Any CPU
		{D981F352-1F31-4356-94EB-0AE0BEDC1260}.Debug|Any CPU.ActiveCfg = Debug|Any CPU
		{D981F352-1F31-4356-94EB-0AE0BEDC1260}.Debug|Any CPU.Build.0 = Debug|Any CPU
		{D981F352-1F31-4356-94EB-0AE0BEDC1260}.Debug|ARM.ActiveCfg = Debug|Any CPU
		{D981F352-1F31-4356-94EB-0AE0BEDC1260}.Debug|ARM.Build.0 = Debug|Any CPU
		{D981F352-1F31-4356-94EB-0AE0BEDC1260}.Debug|x64.ActiveCfg = Debug|Any CPU
		{D981F352-1F31-4356-94EB-0AE0BEDC1260}.Debug|x64.Build.0 = Debug|Any CPU
		{D981F352-1F31-4356-94EB-0AE0BEDC1260}.Debug|x86.ActiveCfg = Debug|Any CPU
		{D981F352-1F31-4356-94EB-0AE0BEDC1260}.Debug|x86.Build.0 = Debug|Any CPU
		{D981F352-1F31-4356-94EB-0AE0BEDC1260}.Release|Any CPU.ActiveCfg = Release|Any CPU
		{D981F352-1F31-4356-94EB-0AE0BEDC1260}.Release|Any CPU.Build.0 = Release|Any CPU
		{D981F352-1F31-4356-94EB-0AE0BEDC1260}.Release|ARM.ActiveCfg = Release|Any CPU
		{D981F352-1F31-4356-94EB-0AE0BEDC1260}.Release|ARM.Build.0 = Release|Any CPU
		{D981F352-1F31-4356-94EB-0AE0BEDC1260}.Release|x64.ActiveCfg = Release|Any CPU
		{D981F352-1F31-4356-94EB-0AE0BEDC1260}.Release|x64.Build.0 = Release|Any CPU
		{D981F352-1F31-4356-94EB-0AE0BEDC1260}.Release|x86.ActiveCfg = Release|Any CPU
		{D981F352-1F31-4356-94EB-0AE0BEDC1260}.Release|x86.Build.0 = Release|Any CPU
	EndGlobalSection
	GlobalSection(SolutionProperties) = preSolution
		HideSolutionNode = FALSE
	EndGlobalSection
EndGlobal
